
Microsoft Visual Studio Solution File, Format Version 12.00
# Visual Studio Version 17
VisualStudioVersion = 17.4.33122.133
MinimumVisualStudioVersion = 10.0.40219.1
Project("{2150E333-8FDC-42A3-9474-1A3956D46DE8}") = "src", "src", "{D8BF3990-AB9B-4B4F-8635-7AE048FDBB3D}"
EndProject
Project("{2150E333-8FDC-42A3-9474-1A3956D46DE8}") = "test", "test", "{298074C6-0336-47AE-A6CA-74182A90EFC1}"
EndProject
Project("{2150E333-8FDC-42A3-9474-1A3956D46DE8}") = "API", "API", "{F3EE90F7-41E7-4980-B952-DFA21F118AAA}"
EndProject
Project("{2150E333-8FDC-42A3-9474-1A3956D46DE8}") = "Domain", "Domain", "{4647B9AA-F6AB-49C6-B672-702518990E07}"
EndProject
Project("{2150E333-8FDC-42A3-9474-1A3956D46DE8}") = "Infrastructure", "Infrastructure", "{B47F60AF-7899-412E-AD41-BB4525BA9EE8}"
EndProject
Project("{9A19103F-16F7-4668-BE54-9A1E7A4F7556}") = "Domain.Entities", "Domain.Entities\Domain.Entities.csproj", "{C3B1F00D-2754-4290-AA31-4481AA353B7C}"
EndProject
Project("{9A19103F-16F7-4668-BE54-9A1E7A4F7556}") = "Domain.UseCases", "Domain.UseCases\Domain.UseCases.csproj", "{DD9A1C4E-44AE-416F-AB0B-8402504AD443}"
EndProject
Project("{9A19103F-16F7-4668-BE54-9A1E7A4F7556}") = "Peliculas.AppService", "Peliculas.AppService\Peliculas.AppService.csproj", "{AD21333D-7C6F-469D-BAB4-A2FB3A6A5C05}"
EndProject
Project("{9A19103F-16F7-4668-BE54-9A1E7A4F7556}") = "Infrastructure.DrivenAdapter", "Infrastructure.DrivenAdapter\Infrastructure.DrivenAdapter.csproj", "{589A3ED0-CFDD-40E5-85D3-935DAAAF3D36}"
EndProject
Project("{2150E333-8FDC-42A3-9474-1A3956D46DE8}") = "Domain", "Domain", "{DB272E8E-0750-41B3-BBD4-CF2AFA8455A0}"
EndProject
Project("{2150E333-8FDC-42A3-9474-1A3956D46DE8}") = "Infrastructure", "Infrastructure", "{D8D0991B-21B5-4BFE-9F2A-3EE993400110}"
EndProject
Project("{FAE04EC0-301F-11D3-BF4B-00C04F79EFBC}") = "Domain.UseCasesTest", "Domain.UseCasesTest\Domain.UseCasesTest.csproj", "{122FC04B-B6E2-4674-BEE2-8761377AE553}"
EndProject
Global
	GlobalSection(SolutionConfigurationPlatforms) = preSolution
		Debug|Any CPU = Debug|Any CPU
		Release|Any CPU = Release|Any CPU
	EndGlobalSection
	GlobalSection(ProjectConfigurationPlatforms) = postSolution
		{C3B1F00D-2754-4290-AA31-4481AA353B7C}.Debug|Any CPU.ActiveCfg = Debug|Any CPU
		{C3B1F00D-2754-4290-AA31-4481AA353B7C}.Debug|Any CPU.Build.0 = Debug|Any CPU
		{C3B1F00D-2754-4290-AA31-4481AA353B7C}.Release|Any CPU.ActiveCfg = Release|Any CPU
		{C3B1F00D-2754-4290-AA31-4481AA353B7C}.Release|Any CPU.Build.0 = Release|Any CPU
		{DD9A1C4E-44AE-416F-AB0B-8402504AD443}.Debug|Any CPU.ActiveCfg = Debug|Any CPU
		{DD9A1C4E-44AE-416F-AB0B-8402504AD443}.Debug|Any CPU.Build.0 = Debug|Any CPU
		{DD9A1C4E-44AE-416F-AB0B-8402504AD443}.Release|Any CPU.ActiveCfg = Release|Any CPU
		{DD9A1C4E-44AE-416F-AB0B-8402504AD443}.Release|Any CPU.Build.0 = Release|Any CPU
		{AD21333D-7C6F-469D-BAB4-A2FB3A6A5C05}.Debug|Any CPU.ActiveCfg = Debug|Any CPU
		{AD21333D-7C6F-469D-BAB4-A2FB3A6A5C05}.Debug|Any CPU.Build.0 = Debug|Any CPU
		{AD21333D-7C6F-469D-BAB4-A2FB3A6A5C05}.Release|Any CPU.ActiveCfg = Release|Any CPU
		{AD21333D-7C6F-469D-BAB4-A2FB3A6A5C05}.Release|Any CPU.Build.0 = Release|Any CPU
		{589A3ED0-CFDD-40E5-85D3-935DAAAF3D36}.Debug|Any CPU.ActiveCfg = Debug|Any CPU
		{589A3ED0-CFDD-40E5-85D3-935DAAAF3D36}.Debug|Any CPU.Build.0 = Debug|Any CPU
		{589A3ED0-CFDD-40E5-85D3-935DAAAF3D36}.Release|Any CPU.ActiveCfg = Release|Any CPU
		{589A3ED0-CFDD-40E5-85D3-935DAAAF3D36}.Release|Any CPU.Build.0 = Release|Any CPU
		{122FC04B-B6E2-4674-BEE2-8761377AE553}.Debug|Any CPU.ActiveCfg = Debug|Any CPU
		{122FC04B-B6E2-4674-BEE2-8761377AE553}.Debug|Any CPU.Build.0 = Debug|Any CPU
		{122FC04B-B6E2-4674-BEE2-8761377AE553}.Release|Any CPU.ActiveCfg = Release|Any CPU
		{122FC04B-B6E2-4674-BEE2-8761377AE553}.Release|Any CPU.Build.0 = Release|Any CPU
	EndGlobalSection
	GlobalSection(SolutionProperties) = preSolution
		HideSolutionNode = FALSE
	EndGlobalSection
	GlobalSection(NestedProjects) = preSolution
		{F3EE90F7-41E7-4980-B952-DFA21F118AAA} = {D8BF3990-AB9B-4B4F-8635-7AE048FDBB3D}
		{4647B9AA-F6AB-49C6-B672-702518990E07} = {D8BF3990-AB9B-4B4F-8635-7AE048FDBB3D}
		{B47F60AF-7899-412E-AD41-BB4525BA9EE8} = {D8BF3990-AB9B-4B4F-8635-7AE048FDBB3D}
		{C3B1F00D-2754-4290-AA31-4481AA353B7C} = {4647B9AA-F6AB-49C6-B672-702518990E07}
		{DD9A1C4E-44AE-416F-AB0B-8402504AD443} = {4647B9AA-F6AB-49C6-B672-702518990E07}
		{AD21333D-7C6F-469D-BAB4-A2FB3A6A5C05} = {F3EE90F7-41E7-4980-B952-DFA21F118AAA}
		{589A3ED0-CFDD-40E5-85D3-935DAAAF3D36} = {B47F60AF-7899-412E-AD41-BB4525BA9EE8}
		{DB272E8E-0750-41B3-BBD4-CF2AFA8455A0} = {298074C6-0336-47AE-A6CA-74182A90EFC1}
		{D8D0991B-21B5-4BFE-9F2A-3EE993400110} = {298074C6-0336-47AE-A6CA-74182A90EFC1}
		{122FC04B-B6E2-4674-BEE2-8761377AE553} = {DB272E8E-0750-41B3-BBD4-CF2AFA8455A0}
	EndGlobalSection
	GlobalSection(ExtensibilityGlobals) = postSolution
		SolutionGuid = {28F29407-499D-4426-BBE3-4CCFBF77EC87}
	EndGlobalSection
EndGlobal
